
Microsoft Visual Studio Solution File, Format Version 12.00
# Visual Studio 15
VisualStudioVersion = 15.0.28307.1145
MinimumVisualStudioVersion = 10.0.40219.1
Project("{888888A0-9F3D-457C-B088-3A5042F75D52}") = "ImageOwlSender", "ImageOwlSender\ImageOwlSender.pyproj", "{4CCF9852-75C4-4ABC-993F-B2281DD69A16}"
EndProject
Global
	GlobalSection(SolutionConfigurationPlatforms) = preSolution
		Debug|Any CPU = Debug|Any CPU
		Release|Any CPU = Release|Any CPU
	EndGlobalSection
	GlobalSection(ProjectConfigurationPlatforms) = postSolution
		{4CCF9852-75C4-4ABC-993F-B2281DD69A16}.Debug|Any CPU.ActiveCfg = Debug|Any CPU
		{4CCF9852-75C4-4ABC-993F-B2281DD69A16}.Release|Any CPU.ActiveCfg = Release|Any CPU
	EndGlobalSection
	GlobalSection(SolutionProperties) = preSolution
		HideSolutionNode = FALSE
	EndGlobalSection
	GlobalSection(ExtensibilityGlobals) = postSolution
		SolutionGuid = {2C4F7B41-A7F9-4AF5-B253-8C82A4066E7B}
	EndGlobalSection
EndGlobal
